
Microsoft Visual Studio Solution File, Format Version 12.00
# Visual Studio Version 16
VisualStudioVersion = 16.0.30503.244
MinimumVisualStudioVersion = 10.0.40219.1
Project("{8BC9CEB8-8B4A-11D0-8D11-00A0C91BC942}") = "WindbgPlugin", "plugin\WindbgPlugin.vcxproj", "{D56206FF-89FF-46A5-9B1F-9B74AE4BB90F}"
EndProject
Project("{8BC9CEB8-8B4A-11D0-8D11-00A0C91BC942}") = "plugin-tests", "plugin-tests\plugin-tests.vcxproj", "{D8DD884B-254A-4003-8F54-994CE605B70E}"
EndProject
Project("{8BC9CEB8-8B4A-11D0-8D11-00A0C91BC942}") = "pluginLib", "pluginLib\pluginLib.vcxproj", "{76C6BE45-6CD7-445D-8F29-4E89B230D7DB}"
EndProject
Project("{8BC9CEB8-8B4A-11D0-8D11-00A0C91BC942}") = "lldb-test", "..\temp\tools\lldb\tools\lldb-test\lldb-test.vcxproj", "{83FB7447-C23F-3ADD-95F8-26AD9688CA9F}"
EndProject
Project("{8BC9CEB8-8B4A-11D0-8D11-00A0C91BC942}") = "lldbTarget", "..\temp\tools\lldb\source\Target\lldbTarget.vcxproj", "{94AF363E-9F55-38DD-81A6-68120F2CA75E}"
EndProject
Project("{8BC9CEB8-8B4A-11D0-8D11-00A0C91BC942}") = "ExecutableTest", "ExecutableTest\ExecutableTest.vcxproj", "{FF0805BB-7317-4D80-A233-C37F7C78E77F}"
EndProject
Project("{8BC9CEB8-8B4A-11D0-8D11-00A0C91BC942}") = "gtest", "..\temp\utils\unittest\gtest.vcxproj", "{D9092A68-3FB0-3871-A0D7-9F03A327C766}"
EndProject
Global
	GlobalSection(SolutionConfigurationPlatforms) = preSolution
		Debug|x64 = Debug|x64
		Debug|x86 = Debug|x86
		MinSizeRel|x64 = MinSizeRel|x64
		MinSizeRel|x86 = MinSizeRel|x86
		Release|x64 = Release|x64
		Release|x86 = Release|x86
		RelWithDebInfo|x64 = RelWithDebInfo|x64
		RelWithDebInfo|x86 = RelWithDebInfo|x86
	EndGlobalSection
	GlobalSection(ProjectConfigurationPlatforms) = postSolution
		{D56206FF-89FF-46A5-9B1F-9B74AE4BB90F}.Debug|x64.ActiveCfg = Debug|x64
		{D56206FF-89FF-46A5-9B1F-9B74AE4BB90F}.Debug|x64.Build.0 = Debug|x64
		{D56206FF-89FF-46A5-9B1F-9B74AE4BB90F}.Debug|x86.ActiveCfg = Debug|Win32
		{D56206FF-89FF-46A5-9B1F-9B74AE4BB90F}.Debug|x86.Build.0 = Debug|Win32
		{D56206FF-89FF-46A5-9B1F-9B74AE4BB90F}.MinSizeRel|x64.ActiveCfg = Debug|x64
		{D56206FF-89FF-46A5-9B1F-9B74AE4BB90F}.MinSizeRel|x64.Build.0 = Debug|x64
		{D56206FF-89FF-46A5-9B1F-9B74AE4BB90F}.MinSizeRel|x86.ActiveCfg = Debug|Win32
		{D56206FF-89FF-46A5-9B1F-9B74AE4BB90F}.MinSizeRel|x86.Build.0 = Debug|Win32
		{D56206FF-89FF-46A5-9B1F-9B74AE4BB90F}.Release|x64.ActiveCfg = Release|x64
		{D56206FF-89FF-46A5-9B1F-9B74AE4BB90F}.Release|x64.Build.0 = Release|x64
		{D56206FF-89FF-46A5-9B1F-9B74AE4BB90F}.Release|x86.ActiveCfg = Release|Win32
		{D56206FF-89FF-46A5-9B1F-9B74AE4BB90F}.Release|x86.Build.0 = Release|Win32
		{D56206FF-89FF-46A5-9B1F-9B74AE4BB90F}.RelWithDebInfo|x64.ActiveCfg = Release|x64
		{D56206FF-89FF-46A5-9B1F-9B74AE4BB90F}.RelWithDebInfo|x64.Build.0 = Release|x64
		{D56206FF-89FF-46A5-9B1F-9B74AE4BB90F}.RelWithDebInfo|x86.ActiveCfg = Release|Win32
		{D56206FF-89FF-46A5-9B1F-9B74AE4BB90F}.RelWithDebInfo|x86.Build.0 = Release|Win32
		{D8DD884B-254A-4003-8F54-994CE605B70E}.Debug|x64.ActiveCfg = Debug|x64
		{D8DD884B-254A-4003-8F54-994CE605B70E}.Debug|x64.Build.0 = Debug|x64
		{D8DD884B-254A-4003-8F54-994CE605B70E}.Debug|x86.ActiveCfg = Debug|Win32
		{D8DD884B-254A-4003-8F54-994CE605B70E}.Debug|x86.Build.0 = Debug|Win32
		{D8DD884B-254A-4003-8F54-994CE605B70E}.MinSizeRel|x64.ActiveCfg = Debug|x64
		{D8DD884B-254A-4003-8F54-994CE605B70E}.MinSizeRel|x64.Build.0 = Debug|x64
		{D8DD884B-254A-4003-8F54-994CE605B70E}.MinSizeRel|x86.ActiveCfg = Debug|Win32
		{D8DD884B-254A-4003-8F54-994CE605B70E}.MinSizeRel|x86.Build.0 = Debug|Win32
		{D8DD884B-254A-4003-8F54-994CE605B70E}.Release|x64.ActiveCfg = Release|x64
		{D8DD884B-254A-4003-8F54-994CE605B70E}.Release|x64.Build.0 = Release|x64
		{D8DD884B-254A-4003-8F54-994CE605B70E}.Release|x86.ActiveCfg = Release|Win32
		{D8DD884B-254A-4003-8F54-994CE605B70E}.Release|x86.Build.0 = Release|Win32
		{D8DD884B-254A-4003-8F54-994CE605B70E}.RelWithDebInfo|x64.ActiveCfg = Release|x64
		{D8DD884B-254A-4003-8F54-994CE605B70E}.RelWithDebInfo|x64.Build.0 = Release|x64
		{D8DD884B-254A-4003-8F54-994CE605B70E}.RelWithDebInfo|x86.ActiveCfg = Release|Win32
		{D8DD884B-254A-4003-8F54-994CE605B70E}.RelWithDebInfo|x86.Build.0 = Release|Win32
		{76C6BE45-6CD7-445D-8F29-4E89B230D7DB}.Debug|x64.ActiveCfg = Debug|x64
		{76C6BE45-6CD7-445D-8F29-4E89B230D7DB}.Debug|x64.Build.0 = Debug|x64
		{76C6BE45-6CD7-445D-8F29-4E89B230D7DB}.Debug|x86.ActiveCfg = Debug|Win32
		{76C6BE45-6CD7-445D-8F29-4E89B230D7DB}.Debug|x86.Build.0 = Debug|Win32
		{76C6BE45-6CD7-445D-8F29-4E89B230D7DB}.MinSizeRel|x64.ActiveCfg = Debug|x64
		{76C6BE45-6CD7-445D-8F29-4E89B230D7DB}.MinSizeRel|x64.Build.0 = Debug|x64
		{76C6BE45-6CD7-445D-8F29-4E89B230D7DB}.MinSizeRel|x86.ActiveCfg = Debug|Win32
		{76C6BE45-6CD7-445D-8F29-4E89B230D7DB}.MinSizeRel|x86.Build.0 = Debug|Win32
		{76C6BE45-6CD7-445D-8F29-4E89B230D7DB}.Release|x64.ActiveCfg = Release|x64
		{76C6BE45-6CD7-445D-8F29-4E89B230D7DB}.Release|x64.Build.0 = Release|x64
		{76C6BE45-6CD7-445D-8F29-4E89B230D7DB}.Release|x86.ActiveCfg = Release|Win32
		{76C6BE45-6CD7-445D-8F29-4E89B230D7DB}.Release|x86.Build.0 = Release|Win32
		{76C6BE45-6CD7-445D-8F29-4E89B230D7DB}.RelWithDebInfo|x64.ActiveCfg = Release|x64
		{76C6BE45-6CD7-445D-8F29-4E89B230D7DB}.RelWithDebInfo|x64.Build.0 = Release|x64
		{76C6BE45-6CD7-445D-8F29-4E89B230D7DB}.RelWithDebInfo|x86.ActiveCfg = Release|Win32
		{76C6BE45-6CD7-445D-8F29-4E89B230D7DB}.RelWithDebInfo|x86.Build.0 = Release|Win32
		{83FB7447-C23F-3ADD-95F8-26AD9688CA9F}.Debug|x64.ActiveCfg = Debug|x64
		{83FB7447-C23F-3ADD-95F8-26AD9688CA9F}.Debug|x64.Build.0 = Debug|x64
		{83FB7447-C23F-3ADD-95F8-26AD9688CA9F}.Debug|x86.ActiveCfg = Debug|x64
		{83FB7447-C23F-3ADD-95F8-26AD9688CA9F}.MinSizeRel|x64.ActiveCfg = MinSizeRel|x64
		{83FB7447-C23F-3ADD-95F8-26AD9688CA9F}.MinSizeRel|x64.Build.0 = MinSizeRel|x64
		{83FB7447-C23F-3ADD-95F8-26AD9688CA9F}.MinSizeRel|x86.ActiveCfg = MinSizeRel|x64
		{83FB7447-C23F-3ADD-95F8-26AD9688CA9F}.Release|x64.ActiveCfg = Release|x64
		{83FB7447-C23F-3ADD-95F8-26AD9688CA9F}.Release|x64.Build.0 = Release|x64
		{83FB7447-C23F-3ADD-95F8-26AD9688CA9F}.Release|x86.ActiveCfg = Release|x64
		{83FB7447-C23F-3ADD-95F8-26AD9688CA9F}.RelWithDebInfo|x64.ActiveCfg = RelWithDebInfo|x64
		{83FB7447-C23F-3ADD-95F8-26AD9688CA9F}.RelWithDebInfo|x64.Build.0 = RelWithDebInfo|x64
		{83FB7447-C23F-3ADD-95F8-26AD9688CA9F}.RelWithDebInfo|x86.ActiveCfg = RelWithDebInfo|x64
		{94AF363E-9F55-38DD-81A6-68120F2CA75E}.Debug|x64.ActiveCfg = Debug|x64
		{94AF363E-9F55-38DD-81A6-68120F2CA75E}.Debug|x64.Build.0 = Debug|x64
		{94AF363E-9F55-38DD-81A6-68120F2CA75E}.Debug|x86.ActiveCfg = Debug|x64
		{94AF363E-9F55-38DD-81A6-68120F2CA75E}.MinSizeRel|x64.ActiveCfg = MinSizeRel|x64
		{94AF363E-9F55-38DD-81A6-68120F2CA75E}.MinSizeRel|x64.Build.0 = MinSizeRel|x64
		{94AF363E-9F55-38DD-81A6-68120F2CA75E}.MinSizeRel|x86.ActiveCfg = MinSizeRel|x64
		{94AF363E-9F55-38DD-81A6-68120F2CA75E}.Release|x64.ActiveCfg = Release|x64
		{94AF363E-9F55-38DD-81A6-68120F2CA75E}.Release|x64.Build.0 = Release|x64
		{94AF363E-9F55-38DD-81A6-68120F2CA75E}.Release|x86.ActiveCfg = Release|x64
		{94AF363E-9F55-38DD-81A6-68120F2CA75E}.RelWithDebInfo|x64.ActiveCfg = RelWithDebInfo|x64
		{94AF363E-9F55-38DD-81A6-68120F2CA75E}.RelWithDebInfo|x64.Build.0 = RelWithDebInfo|x64
		{94AF363E-9F55-38DD-81A6-68120F2CA75E}.RelWithDebInfo|x86.ActiveCfg = RelWithDebInfo|x64
		{FF0805BB-7317-4D80-A233-C37F7C78E77F}.Debug|x64.ActiveCfg = Debug|x64
		{FF0805BB-7317-4D80-A233-C37F7C78E77F}.Debug|x64.Build.0 = Debug|x64
		{FF0805BB-7317-4D80-A233-C37F7C78E77F}.Debug|x86.ActiveCfg = Debug|Win32
		{FF0805BB-7317-4D80-A233-C37F7C78E77F}.Debug|x86.Build.0 = Debug|Win32
		{FF0805BB-7317-4D80-A233-C37F7C78E77F}.MinSizeRel|x64.ActiveCfg = Debug|x64
		{FF0805BB-7317-4D80-A233-C37F7C78E77F}.MinSizeRel|x64.Build.0 = Debug|x64
		{FF0805BB-7317-4D80-A233-C37F7C78E77F}.MinSizeRel|x86.ActiveCfg = Debug|Win32
		{FF0805BB-7317-4D80-A233-C37F7C78E77F}.MinSizeRel|x86.Build.0 = Debug|Win32
		{FF0805BB-7317-4D80-A233-C37F7C78E77F}.Release|x64.ActiveCfg = Release|x64
		{FF0805BB-7317-4D80-A233-C37F7C78E77F}.Release|x64.Build.0 = Release|x64
		{FF0805BB-7317-4D80-A233-C37F7C78E77F}.Release|x86.ActiveCfg = Release|Win32
		{FF0805BB-7317-4D80-A233-C37F7C78E77F}.Release|x86.Build.0 = Release|Win32
		{FF0805BB-7317-4D80-A233-C37F7C78E77F}.RelWithDebInfo|x64.ActiveCfg = Release|x64
		{FF0805BB-7317-4D80-A233-C37F7C78E77F}.RelWithDebInfo|x64.Build.0 = Release|x64
		{FF0805BB-7317-4D80-A233-C37F7C78E77F}.RelWithDebInfo|x86.ActiveCfg = Release|Win32
		{FF0805BB-7317-4D80-A233-C37F7C78E77F}.RelWithDebInfo|x86.Build.0 = Release|Win32
		{D9092A68-3FB0-3871-A0D7-9F03A327C766}.Debug|x64.ActiveCfg = Debug|x64
		{D9092A68-3FB0-3871-A0D7-9F03A327C766}.Debug|x64.Build.0 = Debug|x64
		{D9092A68-3FB0-3871-A0D7-9F03A327C766}.Debug|x86.ActiveCfg = Debug|x64
		{D9092A68-3FB0-3871-A0D7-9F03A327C766}.MinSizeRel|x64.ActiveCfg = MinSizeRel|x64
		{D9092A68-3FB0-3871-A0D7-9F03A327C766}.MinSizeRel|x64.Build.0 = MinSizeRel|x64
		{D9092A68-3FB0-3871-A0D7-9F03A327C766}.MinSizeRel|x86.ActiveCfg = MinSizeRel|x64
		{D9092A68-3FB0-3871-A0D7-9F03A327C766}.Release|x64.ActiveCfg = Release|x64
		{D9092A68-3FB0-3871-A0D7-9F03A327C766}.Release|x64.Build.0 = Release|x64
		{D9092A68-3FB0-3871-A0D7-9F03A327C766}.Release|x86.ActiveCfg = Release|x64
		{D9092A68-3FB0-3871-A0D7-9F03A327C766}.RelWithDebInfo|x64.ActiveCfg = RelWithDebInfo|x64
		{D9092A68-3FB0-3871-A0D7-9F03A327C766}.RelWithDebInfo|x64.Build.0 = RelWithDebInfo|x64
		{D9092A68-3FB0-3871-A0D7-9F03A327C766}.RelWithDebInfo|x86.ActiveCfg = RelWithDebInfo|x64
	EndGlobalSection
	GlobalSection(SolutionProperties) = preSolution
		HideSolutionNode = FALSE
	EndGlobalSection
	GlobalSection(ExtensibilityGlobals) = postSolution
		SolutionGuid = {58083611-4787-4903-9B49-947C5D1F5F34}
	EndGlobalSection
EndGlobal
